
Microsoft Visual Studio Solution File, Format Version 12.00
# Visual Studio Version 16
VisualStudioVersion = 16.0.34601.136
MinimumVisualStudioVersion = 10.0.40219.1
Project("{FAE04EC0-301F-11D3-BF4B-00C04F79EFBC}") = "Calculadora", "ProjetoUm\Calculadora.csproj", "{A66E15D7-65EE-4073-9C47-426EAC25BF77}"
EndProject
Global
	GlobalSection(SolutionConfigurationPlatforms) = preSolution
		Debug|Any CPU = Debug|Any CPU
		Release|Any CPU = Release|Any CPU
	EndGlobalSection
	GlobalSection(ProjectConfigurationPlatforms) = postSolution
		{A66E15D7-65EE-4073-9C47-426EAC25BF77}.Debug|Any CPU.ActiveCfg = Debug|Any CPU
		{A66E15D7-65EE-4073-9C47-426EAC25BF77}.Debug|Any CPU.Build.0 = Debug|Any CPU
		{A66E15D7-65EE-4073-9C47-426EAC25BF77}.Release|Any CPU.ActiveCfg = Release|Any CPU
		{A66E15D7-65EE-4073-9C47-426EAC25BF77}.Release|Any CPU.Build.0 = Release|Any CPU
	EndGlobalSection
	GlobalSection(SolutionProperties) = preSolution
		HideSolutionNode = FALSE
	EndGlobalSection
	GlobalSection(ExtensibilityGlobals) = postSolution
		SolutionGuid = {55F8E8AB-3B8A-4F26-B20F-40F039954672}
	EndGlobalSection
EndGlobal
